
Microsoft Visual Studio Solution File, Format Version 12.00
# Visual Studio 2012
Project("{FAE04EC0-301F-11D3-BF4B-00C04F79EFBC}") = "OpenShare.Touch", "OpenShare.Touch\OpenShare.Touch.csproj", "{BDAEB9C5-9D24-4A3D-91F2-2D9FB34E9851}"
EndProject
Project("{FAE04EC0-301F-11D3-BF4B-00C04F79EFBC}") = "OpenShare.Demo", "OpenShare.Demo\OpenShare.Demo.csproj", "{B0DC6F10-318D-4069-B474-F382DC61CA30}"
EndProject
Global
	GlobalSection(SolutionConfigurationPlatforms) = preSolution
		Debug|Any CPU = Debug|Any CPU
		Release|Any CPU = Release|Any CPU
		Debug|iPhoneSimulator = Debug|iPhoneSimulator
		Release|iPhone = Release|iPhone
		Release|iPhoneSimulator = Release|iPhoneSimulator
		Debug|iPhone = Debug|iPhone
	EndGlobalSection
	GlobalSection(ProjectConfigurationPlatforms) = postSolution
		{BDAEB9C5-9D24-4A3D-91F2-2D9FB34E9851}.Debug|Any CPU.ActiveCfg = Debug|Any CPU
		{BDAEB9C5-9D24-4A3D-91F2-2D9FB34E9851}.Debug|Any CPU.Build.0 = Debug|Any CPU
		{BDAEB9C5-9D24-4A3D-91F2-2D9FB34E9851}.Release|Any CPU.ActiveCfg = Release|Any CPU
		{BDAEB9C5-9D24-4A3D-91F2-2D9FB34E9851}.Release|Any CPU.Build.0 = Release|Any CPU
		{BDAEB9C5-9D24-4A3D-91F2-2D9FB34E9851}.Debug|iPhoneSimulator.ActiveCfg = Debug|Any CPU
		{BDAEB9C5-9D24-4A3D-91F2-2D9FB34E9851}.Debug|iPhoneSimulator.Build.0 = Debug|Any CPU
		{BDAEB9C5-9D24-4A3D-91F2-2D9FB34E9851}.Release|iPhone.ActiveCfg = Release|Any CPU
		{BDAEB9C5-9D24-4A3D-91F2-2D9FB34E9851}.Release|iPhone.Build.0 = Release|Any CPU
		{BDAEB9C5-9D24-4A3D-91F2-2D9FB34E9851}.Release|iPhoneSimulator.ActiveCfg = Release|Any CPU
		{BDAEB9C5-9D24-4A3D-91F2-2D9FB34E9851}.Release|iPhoneSimulator.Build.0 = Release|Any CPU
		{BDAEB9C5-9D24-4A3D-91F2-2D9FB34E9851}.Debug|iPhone.ActiveCfg = Debug|Any CPU
		{BDAEB9C5-9D24-4A3D-91F2-2D9FB34E9851}.Debug|iPhone.Build.0 = Debug|Any CPU
		{B0DC6F10-318D-4069-B474-F382DC61CA30}.Debug|Any CPU.ActiveCfg = Debug|iPhoneSimulator
		{B0DC6F10-318D-4069-B474-F382DC61CA30}.Debug|Any CPU.Build.0 = Debug|iPhoneSimulator
		{B0DC6F10-318D-4069-B474-F382DC61CA30}.Release|Any CPU.ActiveCfg = Release|iPhone
		{B0DC6F10-318D-4069-B474-F382DC61CA30}.Release|Any CPU.Build.0 = Release|iPhone
		{B0DC6F10-318D-4069-B474-F382DC61CA30}.Debug|iPhoneSimulator.ActiveCfg = Debug|iPhoneSimulator
		{B0DC6F10-318D-4069-B474-F382DC61CA30}.Debug|iPhoneSimulator.Build.0 = Debug|iPhoneSimulator
		{B0DC6F10-318D-4069-B474-F382DC61CA30}.Release|iPhone.ActiveCfg = Release|iPhone
		{B0DC6F10-318D-4069-B474-F382DC61CA30}.Release|iPhone.Build.0 = Release|iPhone
		{B0DC6F10-318D-4069-B474-F382DC61CA30}.Release|iPhoneSimulator.ActiveCfg = Release|iPhoneSimulator
		{B0DC6F10-318D-4069-B474-F382DC61CA30}.Release|iPhoneSimulator.Build.0 = Release|iPhoneSimulator
		{B0DC6F10-318D-4069-B474-F382DC61CA30}.Debug|iPhone.ActiveCfg = Debug|iPhone
		{B0DC6F10-318D-4069-B474-F382DC61CA30}.Debug|iPhone.Build.0 = Debug|iPhone
	EndGlobalSection
EndGlobal
